
Microsoft Visual Studio Solution File, Format Version 12.00
Project("{2150E333-8FDC-42A3-9474-1A3956D46DE8}") = "src", "src", "{F5C7F9F1-A0AC-4155-9DA9-041A300304D2}"
EndProject
Project("{2150E333-8FDC-42A3-9474-1A3956D46DE8}") = "test", "test", "{2C9BDDB7-6E05-43E9-906C-0EA73059027D}"
EndProject
Project("{F2A71F9B-5D33-465A-A702-920D77279786}") = "AdventOfCode2015", "src\AdventOfCode2015\AdventOfCode2015.fsproj", "{412AE7CA-E844-409A-AE50-59848FDFD601}"
EndProject
Project("{F2A71F9B-5D33-465A-A702-920D77279786}") = "AdventOfCode2015.Tests", "test\AdventOfCode2015.Tests\AdventOfCode2015.Tests.fsproj", "{971F24C9-E638-475E-A2B9-AF854DC812FE}"
EndProject
Project("{2150E333-8FDC-42A3-9474-1A3956D46DE8}") = "Solution Items", "Solution Items", "{94D800C5-2AC1-4BCF-9B27-35829EE4F6E2}"
	ProjectSection(SolutionItems) = preProject
		.gitignore = .gitignore
		README.md = README.md
	EndProjectSection
EndProject
Global
	GlobalSection(SolutionConfigurationPlatforms) = preSolution
		Debug|Any CPU = Debug|Any CPU
		Release|Any CPU = Release|Any CPU
	EndGlobalSection
	GlobalSection(NestedProjects) = preSolution
		{412AE7CA-E844-409A-AE50-59848FDFD601} = {F5C7F9F1-A0AC-4155-9DA9-041A300304D2}
		{971F24C9-E638-475E-A2B9-AF854DC812FE} = {2C9BDDB7-6E05-43E9-906C-0EA73059027D}
	EndGlobalSection
	GlobalSection(ProjectConfigurationPlatforms) = postSolution
		{412AE7CA-E844-409A-AE50-59848FDFD601}.Debug|Any CPU.ActiveCfg = Debug|Any CPU
		{412AE7CA-E844-409A-AE50-59848FDFD601}.Debug|Any CPU.Build.0 = Debug|Any CPU
		{412AE7CA-E844-409A-AE50-59848FDFD601}.Release|Any CPU.ActiveCfg = Release|Any CPU
		{412AE7CA-E844-409A-AE50-59848FDFD601}.Release|Any CPU.Build.0 = Release|Any CPU
		{971F24C9-E638-475E-A2B9-AF854DC812FE}.Debug|Any CPU.ActiveCfg = Debug|Any CPU
		{971F24C9-E638-475E-A2B9-AF854DC812FE}.Debug|Any CPU.Build.0 = Debug|Any CPU
		{971F24C9-E638-475E-A2B9-AF854DC812FE}.Release|Any CPU.ActiveCfg = Release|Any CPU
		{971F24C9-E638-475E-A2B9-AF854DC812FE}.Release|Any CPU.Build.0 = Release|Any CPU
	EndGlobalSection
EndGlobal
